
Microsoft Visual Studio Solution File, Format Version 12.00
# Visual Studio 15
VisualStudioVersion = 15.0.27428.2043
MinimumVisualStudioVersion = 10.0.40219.1
Project("{FAE04EC0-301F-11D3-BF4B-00C04F79EFBC}") = "Raspibot.Android", "Raspibot\Raspibot.Android\Raspibot.Android.csproj", "{95AEE8CF-5585-49C0-82AF-6875257913DC}"
EndProject
Project("{FAE04EC0-301F-11D3-BF4B-00C04F79EFBC}") = "Raspibot.iOS", "Raspibot\Raspibot.iOS\Raspibot.iOS.csproj", "{C9D36F1A-CC13-4D7C-AFA1-E0C0D9974ECC}"
EndProject
Project("{FAE04EC0-301F-11D3-BF4B-00C04F79EFBC}") = "Raspibot.UWP", "Raspibot\Raspibot.UWP\Raspibot.UWP.csproj", "{A43A8C11-5BCA-4378-ABBE-37D396346565}"
EndProject
Project("{FAE04EC0-301F-11D3-BF4B-00C04F79EFBC}") = "Raspibot", "Raspibot\Raspibot\Raspibot.csproj", "{0935B1C5-4EFB-40FF-9F6F-3584A19C5896}"
EndProject
Global
	GlobalSection(SolutionConfigurationPlatforms) = preSolution
		Ad-Hoc|Any CPU = Ad-Hoc|Any CPU
		Ad-Hoc|ARM = Ad-Hoc|ARM
		Ad-Hoc|iPhone = Ad-Hoc|iPhone
		Ad-Hoc|iPhoneSimulator = Ad-Hoc|iPhoneSimulator
		Ad-Hoc|x64 = Ad-Hoc|x64
		Ad-Hoc|x86 = Ad-Hoc|x86
		AppStore|Any CPU = AppStore|Any CPU
		AppStore|ARM = AppStore|ARM
		AppStore|iPhone = AppStore|iPhone
		AppStore|iPhoneSimulator = AppStore|iPhoneSimulator
		AppStore|x64 = AppStore|x64
		AppStore|x86 = AppStore|x86
		Debug|Any CPU = Debug|Any CPU
		Debug|ARM = Debug|ARM
		Debug|iPhone = Debug|iPhone
		Debug|iPhoneSimulator = Debug|iPhoneSimulator
		Debug|x64 = Debug|x64
		Debug|x86 = Debug|x86
		Release|Any CPU = Release|Any CPU
		Release|ARM = Release|ARM
		Release|iPhone = Release|iPhone
		Release|iPhoneSimulator = Release|iPhoneSimulator
		Release|x64 = Release|x64
		Release|x86 = Release|x86
	EndGlobalSection
	GlobalSection(ProjectConfigurationPlatforms) = postSolution
		{95AEE8CF-5585-49C0-82AF-6875257913DC}.Ad-Hoc|Any CPU.ActiveCfg = Release|Any CPU
		{95AEE8CF-5585-49C0-82AF-6875257913DC}.Ad-Hoc|Any CPU.Build.0 = Release|Any CPU
		{95AEE8CF-5585-49C0-82AF-6875257913DC}.Ad-Hoc|Any CPU.Deploy.0 = Release|Any CPU
		{95AEE8CF-5585-49C0-82AF-6875257913DC}.Ad-Hoc|ARM.ActiveCfg = Release|Any CPU
		{95AEE8CF-5585-49C0-82AF-6875257913DC}.Ad-Hoc|ARM.Build.0 = Release|Any CPU
		{95AEE8CF-5585-49C0-82AF-6875257913DC}.Ad-Hoc|ARM.Deploy.0 = Release|Any CPU
		{95AEE8CF-5585-49C0-82AF-6875257913DC}.Ad-Hoc|iPhone.ActiveCfg = Release|Any CPU
		{95AEE8CF-5585-49C0-82AF-6875257913DC}.Ad-Hoc|iPhone.Build.0 = Release|Any CPU
		{95AEE8CF-5585-49C0-82AF-6875257913DC}.Ad-Hoc|iPhone.Deploy.0 = Release|Any CPU
		{95AEE8CF-5585-49C0-82AF-6875257913DC}.Ad-Hoc|iPhoneSimulator.ActiveCfg = Release|Any CPU
		{95AEE8CF-5585-49C0-82AF-6875257913DC}.Ad-Hoc|iPhoneSimulator.Build.0 = Release|Any CPU
		{95AEE8CF-5585-49C0-82AF-6875257913DC}.Ad-Hoc|iPhoneSimulator.Deploy.0 = Release|Any CPU
		{95AEE8CF-5585-49C0-82AF-6875257913DC}.Ad-Hoc|x64.ActiveCfg = Release|Any CPU
		{95AEE8CF-5585-49C0-82AF-6875257913DC}.Ad-Hoc|x64.Build.0 = Release|Any CPU
		{95AEE8CF-5585-49C0-82AF-6875257913DC}.Ad-Hoc|x64.Deploy.0 = Release|Any CPU
		{95AEE8CF-5585-49C0-82AF-6875257913DC}.Ad-Hoc|x86.ActiveCfg = Release|Any CPU
		{95AEE8CF-5585-49C0-82AF-6875257913DC}.Ad-Hoc|x86.Build.0 = Release|Any CPU
		{95AEE8CF-5585-49C0-82AF-6875257913DC}.Ad-Hoc|x86.Deploy.0 = Release|Any CPU
		{95AEE8CF-5585-49C0-82AF-6875257913DC}.AppStore|Any CPU.ActiveCfg = Release|Any CPU
		{95AEE8CF-5585-49C0-82AF-6875257913DC}.AppStore|Any CPU.Build.0 = Release|Any CPU
		{95AEE8CF-5585-49C0-82AF-6875257913DC}.AppStore|Any CPU.Deploy.0 = Release|Any CPU
		{95AEE8CF-5585-49C0-82AF-6875257913DC}.AppStore|ARM.ActiveCfg = Release|Any CPU
		{95AEE8CF-5585-49C0-82AF-6875257913DC}.AppStore|ARM.Build.0 = Release|Any CPU
		{95AEE8CF-5585-49C0-82AF-6875257913DC}.AppStore|ARM.Deploy.0 = Release|Any CPU
		{95AEE8CF-5585-49C0-82AF-6875257913DC}.AppStore|iPhone.ActiveCfg = Release|Any CPU
		{95AEE8CF-5585-49C0-82AF-6875257913DC}.AppStore|iPhone.Build.0 = Release|Any CPU
		{95AEE8CF-5585-49C0-82AF-6875257913DC}.AppStore|iPhone.Deploy.0 = Release|Any CPU
		{95AEE8CF-5585-49C0-82AF-6875257913DC}.AppStore|iPhoneSimulator.ActiveCfg = Release|Any CPU
		{95AEE8CF-5585-49C0-82AF-6875257913DC}.AppStore|iPhoneSimulator.Build.0 = Release|Any CPU
		{95AEE8CF-5585-49C0-82AF-6875257913DC}.AppStore|iPhoneSimulator.Deploy.0 = Release|Any CPU
		{95AEE8CF-5585-49C0-82AF-6875257913DC}.AppStore|x64.ActiveCfg = Release|Any CPU
		{95AEE8CF-5585-49C0-82AF-6875257913DC}.AppStore|x64.Build.0 = Release|Any CPU
		{95AEE8CF-5585-49C0-82AF-6875257913DC}.AppStore|x64.Deploy.0 = Release|Any CPU
		{95AEE8CF-5585-49C0-82AF-6875257913DC}.AppStore|x86.ActiveCfg = Release|Any CPU
		{95AEE8CF-5585-49C0-82AF-6875257913DC}.AppStore|x86.Build.0 = Release|Any CPU
		{95AEE8CF-5585-49C0-82AF-6875257913DC}.AppStore|x86.Deploy.0 = Release|Any CPU
		{95AEE8CF-5585-49C0-82AF-6875257913DC}.Debug|Any CPU.ActiveCfg = Debug|Any CPU
		{95AEE8CF-5585-49C0-82AF-6875257913DC}.Debug|Any CPU.Build.0 = Debug|Any CPU
		{95AEE8CF-5585-49C0-82AF-6875257913DC}.Debug|Any CPU.Deploy.0 = Debug|Any CPU
		{95AEE8CF-5585-49C0-82AF-6875257913DC}.Debug|ARM.ActiveCfg = Debug|Any CPU
		{95AEE8CF-5585-49C0-82AF-6875257913DC}.Debug|ARM.Build.0 = Debug|Any CPU
		{95AEE8CF-5585-49C0-82AF-6875257913DC}.Debug|ARM.Deploy.0 = Debug|Any CPU
		{95AEE8CF-5585-49C0-82AF-6875257913DC}.Debug|iPhone.ActiveCfg = Debug|Any CPU
		{95AEE8CF-5585-49C0-82AF-6875257913DC}.Debug|iPhone.Build.0 = Debug|Any CPU
		{95AEE8CF-5585-49C0-82AF-6875257913DC}.Debug|iPhone.Deploy.0 = Debug|Any CPU
		{95AEE8CF-5585-49C0-82AF-6875257913DC}.Debug|iPhoneSimulator.ActiveCfg = Debug|Any CPU
		{95AEE8CF-5585-49C0-82AF-6875257913DC}.Debug|iPhoneSimulator.Build.0 = Debug|Any CPU
		{95AEE8CF-5585-49C0-82AF-6875257913DC}.Debug|iPhoneSimulator.Deploy.0 = Debug|Any CPU
		{95AEE8CF-5585-49C0-82AF-6875257913DC}.Debug|x64.ActiveCfg = Debug|Any CPU
		{95AEE8CF-5585-49C0-82AF-6875257913DC}.Debug|x64.Build.0 = Debug|Any CPU
		{95AEE8CF-5585-49C0-82AF-6875257913DC}.Debug|x64.Deploy.0 = Debug|Any CPU
		{95AEE8CF-5585-49C0-82AF-6875257913DC}.Debug|x86.ActiveCfg = Debug|Any CPU
		{95AEE8CF-5585-49C0-82AF-6875257913DC}.Debug|x86.Build.0 = Debug|Any CPU
		{95AEE8CF-5585-49C0-82AF-6875257913DC}.Debug|x86.Deploy.0 = Debug|Any CPU
		{95AEE8CF-5585-49C0-82AF-6875257913DC}.Release|Any CPU.ActiveCfg = Release|Any CPU
		{95AEE8CF-5585-49C0-82AF-6875257913DC}.Release|Any CPU.Build.0 = Release|Any CPU
		{95AEE8CF-5585-49C0-82AF-6875257913DC}.Release|Any CPU.Deploy.0 = Release|Any CPU
		{95AEE8CF-5585-49C0-82AF-6875257913DC}.Release|ARM.ActiveCfg = Release|Any CPU
		{95AEE8CF-5585-49C0-82AF-6875257913DC}.Release|ARM.Build.0 = Release|Any CPU
		{95AEE8CF-5585-49C0-82AF-6875257913DC}.Release|ARM.Deploy.0 = Release|Any CPU
		{95AEE8CF-5585-49C0-82AF-6875257913DC}.Release|iPhone.ActiveCfg = Release|Any CPU
		{95AEE8CF-5585-49C0-82AF-6875257913DC}.Release|iPhone.Build.0 = Release|Any CPU
		{95AEE8CF-5585-49C0-82AF-6875257913DC}.Release|iPhone.Deploy.0 = Release|Any CPU
		{95AEE8CF-5585-49C0-82AF-6875257913DC}.Release|iPhoneSimulator.ActiveCfg = Release|Any CPU
		{95AEE8CF-5585-49C0-82AF-6875257913DC}.Release|iPhoneSimulator.Build.0 = Release|Any CPU
		{95AEE8CF-5585-49C0-82AF-6875257913DC}.Release|iPhoneSimulator.Deploy.0 = Release|Any CPU
		{95AEE8CF-5585-49C0-82AF-6875257913DC}.Release|x64.ActiveCfg = Release|Any CPU
		{95AEE8CF-5585-49C0-82AF-6875257913DC}.Release|x64.Build.0 = Release|Any CPU
		{95AEE8CF-5585-49C0-82AF-6875257913DC}.Release|x64.Deploy.0 = Release|Any CPU
		{95AEE8CF-5585-49C0-82AF-6875257913DC}.Release|x86.ActiveCfg = Release|Any CPU
		{95AEE8CF-5585-49C0-82AF-6875257913DC}.Release|x86.Build.0 = Release|Any CPU
		{95AEE8CF-5585-49C0-82AF-6875257913DC}.Release|x86.Deploy.0 = Release|Any CPU
		{C9D36F1A-CC13-4D7C-AFA1-E0C0D9974ECC}.Ad-Hoc|Any CPU.ActiveCfg = Ad-Hoc|iPhone
		{C9D36F1A-CC13-4D7C-AFA1-E0C0D9974ECC}.Ad-Hoc|ARM.ActiveCfg = Ad-Hoc|iPhone
		{C9D36F1A-CC13-4D7C-AFA1-E0C0D9974ECC}.Ad-Hoc|iPhone.ActiveCfg = Ad-Hoc|iPhone
		{C9D36F1A-CC13-4D7C-AFA1-E0C0D9974ECC}.Ad-Hoc|iPhone.Build.0 = Ad-Hoc|iPhone
		{C9D36F1A-CC13-4D7C-AFA1-E0C0D9974ECC}.Ad-Hoc|iPhoneSimulator.ActiveCfg = Ad-Hoc|iPhoneSimulator
		{C9D36F1A-CC13-4D7C-AFA1-E0C0D9974ECC}.Ad-Hoc|iPhoneSimulator.Build.0 = Ad-Hoc|iPhoneSimulator
		{C9D36F1A-CC13-4D7C-AFA1-E0C0D9974ECC}.Ad-Hoc|x64.ActiveCfg = Ad-Hoc|iPhone
		{C9D36F1A-CC13-4D7C-AFA1-E0C0D9974ECC}.Ad-Hoc|x86.ActiveCfg = Ad-Hoc|iPhone
		{C9D36F1A-CC13-4D7C-AFA1-E0C0D9974ECC}.AppStore|Any CPU.ActiveCfg = AppStore|iPhone
		{C9D36F1A-CC13-4D7C-AFA1-E0C0D9974ECC}.AppStore|ARM.ActiveCfg = AppStore|iPhone
		{C9D36F1A-CC13-4D7C-AFA1-E0C0D9974ECC}.AppStore|iPhone.ActiveCfg = AppStore|iPhone
		{C9D36F1A-CC13-4D7C-AFA1-E0C0D9974ECC}.AppStore|iPhone.Build.0 = AppStore|iPhone
		{C9D36F1A-CC13-4D7C-AFA1-E0C0D9974ECC}.AppStore|iPhoneSimulator.ActiveCfg = AppStore|iPhoneSimulator
		{C9D36F1A-CC13-4D7C-AFA1-E0C0D9974ECC}.AppStore|iPhoneSimulator.Build.0 = AppStore|iPhoneSimulator
		{C9D36F1A-CC13-4D7C-AFA1-E0C0D9974ECC}.AppStore|x64.ActiveCfg = AppStore|iPhone
		{C9D36F1A-CC13-4D7C-AFA1-E0C0D9974ECC}.AppStore|x86.ActiveCfg = AppStore|iPhone
		{C9D36F1A-CC13-4D7C-AFA1-E0C0D9974ECC}.Debug|Any CPU.ActiveCfg = Debug|iPhone
		{C9D36F1A-CC13-4D7C-AFA1-E0C0D9974ECC}.Debug|ARM.ActiveCfg = Debug|iPhone
		{C9D36F1A-CC13-4D7C-AFA1-E0C0D9974ECC}.Debug|iPhone.ActiveCfg = Debug|iPhone
		{C9D36F1A-CC13-4D7C-AFA1-E0C0D9974ECC}.Debug|iPhone.Build.0 = Debug|iPhone
		{C9D36F1A-CC13-4D7C-AFA1-E0C0D9974ECC}.Debug|iPhoneSimulator.ActiveCfg = Debug|iPhoneSimulator
		{C9D36F1A-CC13-4D7C-AFA1-E0C0D9974ECC}.Debug|iPhoneSimulator.Build.0 = Debug|iPhoneSimulator
		{C9D36F1A-CC13-4D7C-AFA1-E0C0D9974ECC}.Debug|x64.ActiveCfg = Debug|iPhone
		{C9D36F1A-CC13-4D7C-AFA1-E0C0D9974ECC}.Debug|x86.ActiveCfg = Debug|iPhone
		{C9D36F1A-CC13-4D7C-AFA1-E0C0D9974ECC}.Release|Any CPU.ActiveCfg = Release|iPhone
		{C9D36F1A-CC13-4D7C-AFA1-E0C0D9974ECC}.Release|ARM.ActiveCfg = Release|iPhone
		{C9D36F1A-CC13-4D7C-AFA1-E0C0D9974ECC}.Release|iPhone.ActiveCfg = Release|iPhone
		{C9D36F1A-CC13-4D7C-AFA1-E0C0D9974ECC}.Release|iPhone.Build.0 = Release|iPhone
		{C9D36F1A-CC13-4D7C-AFA1-E0C0D9974ECC}.Release|iPhoneSimulator.ActiveCfg = Release|iPhoneSimulator
		{C9D36F1A-CC13-4D7C-AFA1-E0C0D9974ECC}.Release|iPhoneSimulator.Build.0 = Release|iPhoneSimulator
		{C9D36F1A-CC13-4D7C-AFA1-E0C0D9974ECC}.Release|x64.ActiveCfg = Release|iPhone
		{C9D36F1A-CC13-4D7C-AFA1-E0C0D9974ECC}.Release|x86.ActiveCfg = Release|iPhone
		{A43A8C11-5BCA-4378-ABBE-37D396346565}.Ad-Hoc|Any CPU.ActiveCfg = Release|x86
		{A43A8C11-5BCA-4378-ABBE-37D396346565}.Ad-Hoc|Any CPU.Build.0 = Release|x86
		{A43A8C11-5BCA-4378-ABBE-37D396346565}.Ad-Hoc|Any CPU.Deploy.0 = Release|x86
		{A43A8C11-5BCA-4378-ABBE-37D396346565}.Ad-Hoc|ARM.ActiveCfg = Release|ARM
		{A43A8C11-5BCA-4378-ABBE-37D396346565}.Ad-Hoc|ARM.Build.0 = Release|ARM
		{A43A8C11-5BCA-4378-ABBE-37D396346565}.Ad-Hoc|ARM.Deploy.0 = Release|ARM
		{A43A8C11-5BCA-4378-ABBE-37D396346565}.Ad-Hoc|iPhone.ActiveCfg = Release|x86
		{A43A8C11-5BCA-4378-ABBE-37D396346565}.Ad-Hoc|iPhone.Build.0 = Release|x86
		{A43A8C11-5BCA-4378-ABBE-37D396346565}.Ad-Hoc|iPhone.Deploy.0 = Release|x86
		{A43A8C11-5BCA-4378-ABBE-37D396346565}.Ad-Hoc|iPhoneSimulator.ActiveCfg = Release|x86
		{A43A8C11-5BCA-4378-ABBE-37D396346565}.Ad-Hoc|iPhoneSimulator.Build.0 = Release|x86
		{A43A8C11-5BCA-4378-ABBE-37D396346565}.Ad-Hoc|iPhoneSimulator.Deploy.0 = Release|x86
		{A43A8C11-5BCA-4378-ABBE-37D396346565}.Ad-Hoc|x64.ActiveCfg = Release|x64
		{A43A8C11-5BCA-4378-ABBE-37D396346565}.Ad-Hoc|x64.Build.0 = Release|x64
		{A43A8C11-5BCA-4378-ABBE-37D396346565}.Ad-Hoc|x64.Deploy.0 = Release|x64
		{A43A8C11-5BCA-4378-ABBE-37D396346565}.Ad-Hoc|x86.ActiveCfg = Release|x86
		{A43A8C11-5BCA-4378-ABBE-37D396346565}.Ad-Hoc|x86.Build.0 = Release|x86
		{A43A8C11-5BCA-4378-ABBE-37D396346565}.Ad-Hoc|x86.Deploy.0 = Release|x86
		{A43A8C11-5BCA-4378-ABBE-37D396346565}.AppStore|Any CPU.ActiveCfg = Release|x86
		{A43A8C11-5BCA-4378-ABBE-37D396346565}.AppStore|Any CPU.Build.0 = Release|x86
		{A43A8C11-5BCA-4378-ABBE-37D396346565}.AppStore|Any CPU.Deploy.0 = Release|x86
		{A43A8C11-5BCA-4378-ABBE-37D396346565}.AppStore|ARM.ActiveCfg = Release|ARM
		{A43A8C11-5BCA-4378-ABBE-37D396346565}.AppStore|ARM.Build.0 = Release|ARM
		{A43A8C11-5BCA-4378-ABBE-37D396346565}.AppStore|ARM.Deploy.0 = Release|ARM
		{A43A8C11-5BCA-4378-ABBE-37D396346565}.AppStore|iPhone.ActiveCfg = Release|x86
		{A43A8C11-5BCA-4378-ABBE-37D396346565}.AppStore|iPhone.Build.0 = Release|x86
		{A43A8C11-5BCA-4378-ABBE-37D396346565}.AppStore|iPhone.Deploy.0 = Release|x86
		{A43A8C11-5BCA-4378-ABBE-37D396346565}.AppStore|iPhoneSimulator.ActiveCfg = Release|x86
		{A43A8C11-5BCA-4378-ABBE-37D396346565}.AppStore|iPhoneSimulator.Build.0 = Release|x86
		{A43A8C11-5BCA-4378-ABBE-37D396346565}.AppStore|iPhoneSimulator.Deploy.0 = Release|x86
		{A43A8C11-5BCA-4378-ABBE-37D396346565}.AppStore|x64.ActiveCfg = Release|x64
		{A43A8C11-5BCA-4378-ABBE-37D396346565}.AppStore|x64.Build.0 = Release|x64
		{A43A8C11-5BCA-4378-ABBE-37D396346565}.AppStore|x64.Deploy.0 = Release|x64
		{A43A8C11-5BCA-4378-ABBE-37D396346565}.AppStore|x86.ActiveCfg = Release|x86
		{A43A8C11-5BCA-4378-ABBE-37D396346565}.AppStore|x86.Build.0 = Release|x86
		{A43A8C11-5BCA-4378-ABBE-37D396346565}.AppStore|x86.Deploy.0 = Release|x86
		{A43A8C11-5BCA-4378-ABBE-37D396346565}.Debug|Any CPU.ActiveCfg = Debug|x86
		{A43A8C11-5BCA-4378-ABBE-37D396346565}.Debug|ARM.ActiveCfg = Debug|ARM
		{A43A8C11-5BCA-4378-ABBE-37D396346565}.Debug|ARM.Build.0 = Debug|ARM
		{A43A8C11-5BCA-4378-ABBE-37D396346565}.Debug|ARM.Deploy.0 = Debug|ARM
		{A43A8C11-5BCA-4378-ABBE-37D396346565}.Debug|iPhone.ActiveCfg = Debug|x86
		{A43A8C11-5BCA-4378-ABBE-37D396346565}.Debug|iPhoneSimulator.ActiveCfg = Debug|x86
		{A43A8C11-5BCA-4378-ABBE-37D396346565}.Debug|x64.ActiveCfg = Debug|x64
		{A43A8C11-5BCA-4378-ABBE-37D396346565}.Debug|x64.Build.0 = Debug|x64
		{A43A8C11-5BCA-4378-ABBE-37D396346565}.Debug|x64.Deploy.0 = Debug|x64
		{A43A8C11-5BCA-4378-ABBE-37D396346565}.Debug|x86.ActiveCfg = Debug|x86
		{A43A8C11-5BCA-4378-ABBE-37D396346565}.Debug|x86.Build.0 = Debug|x86
		{A43A8C11-5BCA-4378-ABBE-37D396346565}.Debug|x86.Deploy.0 = Debug|x86
		{A43A8C11-5BCA-4378-ABBE-37D396346565}.Release|Any CPU.ActiveCfg = Release|x86
		{A43A8C11-5BCA-4378-ABBE-37D396346565}.Release|ARM.ActiveCfg = Release|ARM
		{A43A8C11-5BCA-4378-ABBE-37D396346565}.Release|ARM.Build.0 = Release|ARM
		{A43A8C11-5BCA-4378-ABBE-37D396346565}.Release|ARM.Deploy.0 = Release|ARM
		{A43A8C11-5BCA-4378-ABBE-37D396346565}.Release|iPhone.ActiveCfg = Release|x86
		{A43A8C11-5BCA-4378-ABBE-37D396346565}.Release|iPhoneSimulator.ActiveCfg = Release|x86
		{A43A8C11-5BCA-4378-ABBE-37D396346565}.Release|x64.ActiveCfg = Release|x64
		{A43A8C11-5BCA-4378-ABBE-37D396346565}.Release|x64.Build.0 = Release|x64
		{A43A8C11-5BCA-4378-ABBE-37D396346565}.Release|x64.Deploy.0 = Release|x64
		{A43A8C11-5BCA-4378-ABBE-37D396346565}.Release|x86.ActiveCfg = Release|x86
		{A43A8C11-5BCA-4378-ABBE-37D396346565}.Release|x86.Build.0 = Release|x86
		{A43A8C11-5BCA-4378-ABBE-37D396346565}.Release|x86.Deploy.0 = Release|x86
		{0935B1C5-4EFB-40FF-9F6F-3584A19C5896}.Ad-Hoc|Any CPU.ActiveCfg = Debug|Any CPU
		{0935B1C5-4EFB-40FF-9F6F-3584A19C5896}.Ad-Hoc|Any CPU.Build.0 = Debug|Any CPU
		{0935B1C5-4EFB-40FF-9F6F-3584A19C5896}.Ad-Hoc|ARM.ActiveCfg = Debug|Any CPU
		{0935B1C5-4EFB-40FF-9F6F-3584A19C5896}.Ad-Hoc|ARM.Build.0 = Debug|Any CPU
		{0935B1C5-4EFB-40FF-9F6F-3584A19C5896}.Ad-Hoc|iPhone.ActiveCfg = Debug|Any CPU
		{0935B1C5-4EFB-40FF-9F6F-3584A19C5896}.Ad-Hoc|iPhone.Build.0 = Debug|Any CPU
		{0935B1C5-4EFB-40FF-9F6F-3584A19C5896}.Ad-Hoc|iPhoneSimulator.ActiveCfg = Debug|Any CPU
		{0935B1C5-4EFB-40FF-9F6F-3584A19C5896}.Ad-Hoc|iPhoneSimulator.Build.0 = Debug|Any CPU
		{0935B1C5-4EFB-40FF-9F6F-3584A19C5896}.Ad-Hoc|x64.ActiveCfg = Debug|Any CPU
		{0935B1C5-4EFB-40FF-9F6F-3584A19C5896}.Ad-Hoc|x64.Build.0 = Debug|Any CPU
		{0935B1C5-4EFB-40FF-9F6F-3584A19C5896}.Ad-Hoc|x86.ActiveCfg = Debug|Any CPU
		{0935B1C5-4EFB-40FF-9F6F-3584A19C5896}.Ad-Hoc|x86.Build.0 = Debug|Any CPU
		{0935B1C5-4EFB-40FF-9F6F-3584A19C5896}.AppStore|Any CPU.ActiveCfg = Debug|Any CPU
		{0935B1C5-4EFB-40FF-9F6F-3584A19C5896}.AppStore|Any CPU.Build.0 = Debug|Any CPU
		{0935B1C5-4EFB-40FF-9F6F-3584A19C5896}.AppStore|ARM.ActiveCfg = Debug|Any CPU
		{0935B1C5-4EFB-40FF-9F6F-3584A19C5896}.AppStore|ARM.Build.0 = Debug|Any CPU
		{0935B1C5-4EFB-40FF-9F6F-3584A19C5896}.AppStore|iPhone.ActiveCfg = Debug|Any CPU
		{0935B1C5-4EFB-40FF-9F6F-3584A19C5896}.AppStore|iPhone.Build.0 = Debug|Any CPU
		{0935B1C5-4EFB-40FF-9F6F-3584A19C5896}.AppStore|iPhoneSimulator.ActiveCfg = Debug|Any CPU
		{0935B1C5-4EFB-40FF-9F6F-3584A19C5896}.AppStore|iPhoneSimulator.Build.0 = Debug|Any CPU
		{0935B1C5-4EFB-40FF-9F6F-3584A19C5896}.AppStore|x64.ActiveCfg = Debug|Any CPU
		{0935B1C5-4EFB-40FF-9F6F-3584A19C5896}.AppStore|x64.Build.0 = Debug|Any CPU
		{0935B1C5-4EFB-40FF-9F6F-3584A19C5896}.AppStore|x86.ActiveCfg = Debug|Any CPU
		{0935B1C5-4EFB-40FF-9F6F-3584A19C5896}.AppStore|x86.Build.0 = Debug|Any CPU
		{0935B1C5-4EFB-40FF-9F6F-3584A19C5896}.Debug|Any CPU.ActiveCfg = Debug|Any CPU
		{0935B1C5-4EFB-40FF-9F6F-3584A19C5896}.Debug|Any CPU.Build.0 = Debug|Any CPU
		{0935B1C5-4EFB-40FF-9F6F-3584A19C5896}.Debug|ARM.ActiveCfg = Debug|Any CPU
		{0935B1C5-4EFB-40FF-9F6F-3584A19C5896}.Debug|ARM.Build.0 = Debug|Any CPU
		{0935B1C5-4EFB-40FF-9F6F-3584A19C5896}.Debug|iPhone.ActiveCfg = Debug|Any CPU
		{0935B1C5-4EFB-40FF-9F6F-3584A19C5896}.Debug|iPhone.Build.0 = Debug|Any CPU
		{0935B1C5-4EFB-40FF-9F6F-3584A19C5896}.Debug|iPhoneSimulator.ActiveCfg = Debug|Any CPU
		{0935B1C5-4EFB-40FF-9F6F-3584A19C5896}.Debug|iPhoneSimulator.Build.0 = Debug|Any CPU
		{0935B1C5-4EFB-40FF-9F6F-3584A19C5896}.Debug|x64.ActiveCfg = Debug|Any CPU
		{0935B1C5-4EFB-40FF-9F6F-3584A19C5896}.Debug|x64.Build.0 = Debug|Any CPU
		{0935B1C5-4EFB-40FF-9F6F-3584A19C5896}.Debug|x86.ActiveCfg = Debug|Any CPU
		{0935B1C5-4EFB-40FF-9F6F-3584A19C5896}.Debug|x86.Build.0 = Debug|Any CPU
		{0935B1C5-4EFB-40FF-9F6F-3584A19C5896}.Release|Any CPU.ActiveCfg = Release|Any CPU
		{0935B1C5-4EFB-40FF-9F6F-3584A19C5896}.Release|Any CPU.Build.0 = Release|Any CPU
		{0935B1C5-4EFB-40FF-9F6F-3584A19C5896}.Release|ARM.ActiveCfg = Release|Any CPU
		{0935B1C5-4EFB-40FF-9F6F-3584A19C5896}.Release|ARM.Build.0 = Release|Any CPU
		{0935B1C5-4EFB-40FF-9F6F-3584A19C5896}.Release|iPhone.ActiveCfg = Release|Any CPU
		{0935B1C5-4EFB-40FF-9F6F-3584A19C5896}.Release|iPhone.Build.0 = Release|Any CPU
		{0935B1C5-4EFB-40FF-9F6F-3584A19C5896}.Release|iPhoneSimulator.ActiveCfg = Release|Any CPU
		{0935B1C5-4EFB-40FF-9F6F-3584A19C5896}.Release|iPhoneSimulator.Build.0 = Release|Any CPU
		{0935B1C5-4EFB-40FF-9F6F-3584A19C5896}.Release|x64.ActiveCfg = Release|Any CPU
		{0935B1C5-4EFB-40FF-9F6F-3584A19C5896}.Release|x64.Build.0 = Release|Any CPU
		{0935B1C5-4EFB-40FF-9F6F-3584A19C5896}.Release|x86.ActiveCfg = Release|Any CPU
		{0935B1C5-4EFB-40FF-9F6F-3584A19C5896}.Release|x86.Build.0 = Release|Any CPU
	EndGlobalSection
	GlobalSection(SolutionProperties) = preSolution
		HideSolutionNode = FALSE
	EndGlobalSection
	GlobalSection(ExtensibilityGlobals) = postSolution
		SolutionGuid = {1AA889F2-28B1-49DD-BB9C-28B5419E7649}
	EndGlobalSection
EndGlobal
